
Microsoft Visual Studio Solution File, Format Version 12.00
# Visual Studio Version 16
VisualStudioVersion = 16.0.30804.86
MinimumVisualStudioVersion = 10.0.40219.1
Project("{2150E333-8FDC-42A3-9474-1A3956D46DE8}") = "src", "src", "{CA94E4D1-06E5-4A8C-9192-003AD236AD7B}"
EndProject
Project("{9A19103F-16F7-4668-BE54-9A1E7A4F7556}") = "OdeToFood", "src\OdeToFood\OdeToFood.csproj", "{9D310073-3957-4BF3-B4FB-7840BE6E4E56}"
EndProject
Project("{9A19103F-16F7-4668-BE54-9A1E7A4F7556}") = "OdeToFood.Core", "src\OdeToFood.Core\OdeToFood.Core.csproj", "{159A9512-ECFE-4C64-8320-252FAA19FE93}"
EndProject
Project("{9A19103F-16F7-4668-BE54-9A1E7A4F7556}") = "OdeToFood.Data", "src\OdeToFood.Data\OdeToFood.Data.csproj", "{77CBBE0D-F5F5-4C5B-B6C9-EAFA50147DDF}"
EndProject
Global
	GlobalSection(SolutionConfigurationPlatforms) = preSolution
		Debug|Any CPU = Debug|Any CPU
		Release|Any CPU = Release|Any CPU
	EndGlobalSection
	GlobalSection(ProjectConfigurationPlatforms) = postSolution
		{9D310073-3957-4BF3-B4FB-7840BE6E4E56}.Debug|Any CPU.ActiveCfg = Debug|Any CPU
		{9D310073-3957-4BF3-B4FB-7840BE6E4E56}.Debug|Any CPU.Build.0 = Debug|Any CPU
		{9D310073-3957-4BF3-B4FB-7840BE6E4E56}.Release|Any CPU.ActiveCfg = Release|Any CPU
		{9D310073-3957-4BF3-B4FB-7840BE6E4E56}.Release|Any CPU.Build.0 = Release|Any CPU
		{159A9512-ECFE-4C64-8320-252FAA19FE93}.Debug|Any CPU.ActiveCfg = Debug|Any CPU
		{159A9512-ECFE-4C64-8320-252FAA19FE93}.Debug|Any CPU.Build.0 = Debug|Any CPU
		{159A9512-ECFE-4C64-8320-252FAA19FE93}.Release|Any CPU.ActiveCfg = Release|Any CPU
		{159A9512-ECFE-4C64-8320-252FAA19FE93}.Release|Any CPU.Build.0 = Release|Any CPU
		{77CBBE0D-F5F5-4C5B-B6C9-EAFA50147DDF}.Debug|Any CPU.ActiveCfg = Debug|Any CPU
		{77CBBE0D-F5F5-4C5B-B6C9-EAFA50147DDF}.Debug|Any CPU.Build.0 = Debug|Any CPU
		{77CBBE0D-F5F5-4C5B-B6C9-EAFA50147DDF}.Release|Any CPU.ActiveCfg = Release|Any CPU
		{77CBBE0D-F5F5-4C5B-B6C9-EAFA50147DDF}.Release|Any CPU.Build.0 = Release|Any CPU
	EndGlobalSection
	GlobalSection(SolutionProperties) = preSolution
		HideSolutionNode = FALSE
	EndGlobalSection
	GlobalSection(NestedProjects) = preSolution
		{9D310073-3957-4BF3-B4FB-7840BE6E4E56} = {CA94E4D1-06E5-4A8C-9192-003AD236AD7B}
		{159A9512-ECFE-4C64-8320-252FAA19FE93} = {CA94E4D1-06E5-4A8C-9192-003AD236AD7B}
		{77CBBE0D-F5F5-4C5B-B6C9-EAFA50147DDF} = {CA94E4D1-06E5-4A8C-9192-003AD236AD7B}
	EndGlobalSection
	GlobalSection(ExtensibilityGlobals) = postSolution
		SolutionGuid = {40C317F3-517A-469D-ACAA-0AF8021DC7D6}
	EndGlobalSection
EndGlobal
